
Microsoft Visual Studio Solution File, Format Version 12.00
# Visual Studio 2013
VisualStudioVersion = 12.0.31101.0
MinimumVisualStudioVersion = 10.0.40219.1
Project("{FAE04EC0-301F-11D3-BF4B-00C04F79EFBC}") = "CustomRectangle", "CustomRectangle\CustomRectangle.csproj", "{D74825A5-AB01-459A-B572-6E5BAD23AC3D}"
EndProject
Project("{FAE04EC0-301F-11D3-BF4B-00C04F79EFBC}") = "GameWindow", "GameWindow\GameWindow.csproj", "{16C18A22-20D6-4CA3-8AB2-DB828C07B26D}"
EndProject
Project("{FAE04EC0-301F-11D3-BF4B-00C04F79EFBC}") = "Pong", "Pong\Pong.csproj", "{2E7F679E-58A1-4A09-B2C2-F52FB55665FE}"
EndProject
Project("{FAE04EC0-301F-11D3-BF4B-00C04F79EFBC}") = "BreakOut", "BreakOut\BreakOut.csproj", "{5CED4C80-4A32-4877-83D7-B2C1BFDAC633}"
EndProject
Project("{FAE04EC0-301F-11D3-BF4B-00C04F79EFBC}") = "Snake", "Snake\Snake.csproj", "{AB464B2D-06F6-4D76-8397-C09B616E52CC}"
EndProject
Project("{FAE04EC0-301F-11D3-BF4B-00C04F79EFBC}") = "Tetris", "Tetris\Tetris.csproj", "{D4CAE8DC-8B4D-41AD-A55B-7E1A92A3A8D7}"
EndProject
Project("{FAE04EC0-301F-11D3-BF4B-00C04F79EFBC}") = "SpriteSystem", "SpriteSystem\SpriteSystem.csproj", "{0316E3C0-BD0D-484D-A0B3-754E46E216B8}"
EndProject
Project("{FAE04EC0-301F-11D3-BF4B-00C04F79EFBC}") = "FlappyBird", "FlappyBird\FlappyBird.csproj", "{095111BE-2294-4CFF-85E6-744410001DF1}"
EndProject
Project("{FAE04EC0-301F-11D3-BF4B-00C04F79EFBC}") = "Cannabault", "Cannabault\Cannabault.csproj", "{FA7F8D38-1EAA-4878-B4B2-B35134DE673E}"
EndProject
Project("{FAE04EC0-301F-11D3-BF4B-00C04F79EFBC}") = "Bejewled", "Bejewled\Bejewled.csproj", "{0C1857C8-CD76-4927-9662-C9A7DF05AD42}"
EndProject
Project("{FAE04EC0-301F-11D3-BF4B-00C04F79EFBC}") = "ConnectFour", "ConnectFour\ConnectFour.csproj", "{CC870F1E-319C-4870-AD9A-9C7510933453}"
EndProject
Global
	GlobalSection(SolutionConfigurationPlatforms) = preSolution
		Debug|Any CPU = Debug|Any CPU
		Release|Any CPU = Release|Any CPU
	EndGlobalSection
	GlobalSection(ProjectConfigurationPlatforms) = postSolution
		{D74825A5-AB01-459A-B572-6E5BAD23AC3D}.Debug|Any CPU.ActiveCfg = Debug|Any CPU
		{D74825A5-AB01-459A-B572-6E5BAD23AC3D}.Debug|Any CPU.Build.0 = Debug|Any CPU
		{D74825A5-AB01-459A-B572-6E5BAD23AC3D}.Release|Any CPU.ActiveCfg = Release|Any CPU
		{D74825A5-AB01-459A-B572-6E5BAD23AC3D}.Release|Any CPU.Build.0 = Release|Any CPU
		{16C18A22-20D6-4CA3-8AB2-DB828C07B26D}.Debug|Any CPU.ActiveCfg = Debug|Any CPU
		{16C18A22-20D6-4CA3-8AB2-DB828C07B26D}.Debug|Any CPU.Build.0 = Debug|Any CPU
		{16C18A22-20D6-4CA3-8AB2-DB828C07B26D}.Release|Any CPU.ActiveCfg = Release|Any CPU
		{16C18A22-20D6-4CA3-8AB2-DB828C07B26D}.Release|Any CPU.Build.0 = Release|Any CPU
		{2E7F679E-58A1-4A09-B2C2-F52FB55665FE}.Debug|Any CPU.ActiveCfg = Debug|Any CPU
		{2E7F679E-58A1-4A09-B2C2-F52FB55665FE}.Debug|Any CPU.Build.0 = Debug|Any CPU
		{2E7F679E-58A1-4A09-B2C2-F52FB55665FE}.Release|Any CPU.ActiveCfg = Release|Any CPU
		{2E7F679E-58A1-4A09-B2C2-F52FB55665FE}.Release|Any CPU.Build.0 = Release|Any CPU
		{5CED4C80-4A32-4877-83D7-B2C1BFDAC633}.Debug|Any CPU.ActiveCfg = Debug|Any CPU
		{5CED4C80-4A32-4877-83D7-B2C1BFDAC633}.Debug|Any CPU.Build.0 = Debug|Any CPU
		{5CED4C80-4A32-4877-83D7-B2C1BFDAC633}.Release|Any CPU.ActiveCfg = Release|Any CPU
		{5CED4C80-4A32-4877-83D7-B2C1BFDAC633}.Release|Any CPU.Build.0 = Release|Any CPU
		{AB464B2D-06F6-4D76-8397-C09B616E52CC}.Debug|Any CPU.ActiveCfg = Debug|Any CPU
		{AB464B2D-06F6-4D76-8397-C09B616E52CC}.Debug|Any CPU.Build.0 = Debug|Any CPU
		{AB464B2D-06F6-4D76-8397-C09B616E52CC}.Release|Any CPU.ActiveCfg = Release|Any CPU
		{AB464B2D-06F6-4D76-8397-C09B616E52CC}.Release|Any CPU.Build.0 = Release|Any CPU
		{D4CAE8DC-8B4D-41AD-A55B-7E1A92A3A8D7}.Debug|Any CPU.ActiveCfg = Debug|Any CPU
		{D4CAE8DC-8B4D-41AD-A55B-7E1A92A3A8D7}.Debug|Any CPU.Build.0 = Debug|Any CPU
		{D4CAE8DC-8B4D-41AD-A55B-7E1A92A3A8D7}.Release|Any CPU.ActiveCfg = Release|Any CPU
		{D4CAE8DC-8B4D-41AD-A55B-7E1A92A3A8D7}.Release|Any CPU.Build.0 = Release|Any CPU
		{0316E3C0-BD0D-484D-A0B3-754E46E216B8}.Debug|Any CPU.ActiveCfg = Debug|Any CPU
		{0316E3C0-BD0D-484D-A0B3-754E46E216B8}.Debug|Any CPU.Build.0 = Debug|Any CPU
		{0316E3C0-BD0D-484D-A0B3-754E46E216B8}.Release|Any CPU.ActiveCfg = Release|Any CPU
		{0316E3C0-BD0D-484D-A0B3-754E46E216B8}.Release|Any CPU.Build.0 = Release|Any CPU
		{095111BE-2294-4CFF-85E6-744410001DF1}.Debug|Any CPU.ActiveCfg = Debug|Any CPU
		{095111BE-2294-4CFF-85E6-744410001DF1}.Debug|Any CPU.Build.0 = Debug|Any CPU
		{095111BE-2294-4CFF-85E6-744410001DF1}.Release|Any CPU.ActiveCfg = Release|Any CPU
		{095111BE-2294-4CFF-85E6-744410001DF1}.Release|Any CPU.Build.0 = Release|Any CPU
		{FA7F8D38-1EAA-4878-B4B2-B35134DE673E}.Debug|Any CPU.ActiveCfg = Debug|Any CPU
		{FA7F8D38-1EAA-4878-B4B2-B35134DE673E}.Debug|Any CPU.Build.0 = Debug|Any CPU
		{FA7F8D38-1EAA-4878-B4B2-B35134DE673E}.Release|Any CPU.ActiveCfg = Release|Any CPU
		{FA7F8D38-1EAA-4878-B4B2-B35134DE673E}.Release|Any CPU.Build.0 = Release|Any CPU
		{0C1857C8-CD76-4927-9662-C9A7DF05AD42}.Debug|Any CPU.ActiveCfg = Debug|Any CPU
		{0C1857C8-CD76-4927-9662-C9A7DF05AD42}.Debug|Any CPU.Build.0 = Debug|Any CPU
		{0C1857C8-CD76-4927-9662-C9A7DF05AD42}.Release|Any CPU.ActiveCfg = Release|Any CPU
		{0C1857C8-CD76-4927-9662-C9A7DF05AD42}.Release|Any CPU.Build.0 = Release|Any CPU
		{CC870F1E-319C-4870-AD9A-9C7510933453}.Debug|Any CPU.ActiveCfg = Debug|Any CPU
		{CC870F1E-319C-4870-AD9A-9C7510933453}.Debug|Any CPU.Build.0 = Debug|Any CPU
		{CC870F1E-319C-4870-AD9A-9C7510933453}.Release|Any CPU.ActiveCfg = Release|Any CPU
		{CC870F1E-319C-4870-AD9A-9C7510933453}.Release|Any CPU.Build.0 = Release|Any CPU
	EndGlobalSection
	GlobalSection(SolutionProperties) = preSolution
		HideSolutionNode = FALSE
	EndGlobalSection
EndGlobal
